lockfileVersion: '9.0'

settings:
  autoInstallPeers: true
  excludeLinksFromLockfile: false

importers:

  .:
    dependencies:
      rollup-plugin-add-banner:
        specifier: 2.0.1
        version: 2.0.1(rollup@4.60.0)
    devDependencies:
      rollup:
        specifier: ^4.35.0
        version: 4.60.0

packages:

  '@jridgewell/sourcemap-codec@1.5.5':
    resolution: {integrity: sha512-cYQ9310grqxueWbl+WuIUIaiUaDcj7WOq5fVhEljNVgRfOUhY9fy2zTvfoqWsnebh8Sl70VScFbICvJnLKB0Og==}

  '@rollup/rollup-android-arm-eabi@4.60.0':
    resolution: {integrity: sha512-WOhNW9K8bR3kf4zLxbfg6Pxu2ybOUbB2AjMDHSQx86LIF4rH4Ft7vmMwNt0loO0eonglSNy4cpD3MKXXKQu0/A==}
    cpu: [arm]
    os: [android]

  '@rollup/rollup-android-arm64@4.60.0':
    resolution: {integrity: sha512-u6JHLll5QKRvjciE78bQXDmqRqNs5M/3GVqZeMwvmjaNODJih/WIrJlFVEihvV0MiYFmd+ZyPr9wxOVbPAG2Iw==}
    cpu: [arm64]
    os: [android]

  '@rollup/rollup-darwin-arm64@4.60.0':
    resolution: {integrity: sha512-qEF7CsKKzSRc20Ciu2Zw1wRrBz4g56F7r/vRwY430UPp/nt1x21Q/fpJ9N5l47WWvJlkNCPJz3QRVw008fi7yA==}
    cpu: [arm64]
    os: [darwin]

  '@rollup/rollup-darwin-x64@4.60.0':
    resolution: {integrity: sha512-WADYozJ4QCnXCH4wPB+3FuGmDPoFseVCUrANmA5LWwGmC6FL14BWC7pcq+FstOZv3baGX65tZ378uT6WG8ynTw==}
    cpu: [x64]
    os: [darwin]

  '@rollup/rollup-freebsd-arm64@4.60.0':
    resolution: {integrity: sha512-6b8wGHJlDrGeSE3aH5mGNHBjA0TTkxdoNHik5EkvPHCt351XnigA4pS7Wsj/Eo9Y8RBU6f35cjN9SYmCFBtzxw==}
    cpu: [arm64]
    os: [freebsd]

  '@rollup/rollup-freebsd-x64@4.60.0':
    resolution: {integrity: sha512-h25Ga0t4jaylMB8M/JKAyrvvfxGRjnPQIR8lnCayyzEjEOx2EJIlIiMbhpWxDRKGKF8jbNH01NnN663dH638mA==}
    cpu: [x64]
    os: [freebsd]

  '@rollup/rollup-linux-arm-gnueabihf@4.60.0':
    resolution: {integrity: sha512-RzeBwv0B3qtVBWtcuABtSuCzToo2IEAIQrcyB/b2zMvBWVbjo8bZDjACUpnaafaxhTw2W+imQbP2BD1usasK4g==}
    cpu: [arm]
    os: [linux]
    libc: [glibc]

  '@rollup/rollup-linux-arm-musleabihf@4.60.0':
    resolution: {integrity: sha512-Sf7zusNI2CIU1HLzuu9Tc5YGAHEZs5Lu7N1ssJG4Tkw6e0MEsN7NdjUDDfGNHy2IU+ENyWT+L2obgWiguWibWQ==}
    cpu: [arm]
    os: [linux]
    libc: [musl]

  '@rollup/rollup-linux-arm64-gnu@4.60.0':
    resolution: {integrity: sha512-DX2x7CMcrJzsE91q7/O02IJQ5/aLkVtYFryqCjduJhUfGKG6yJV8hxaw8pZa93lLEpPTP/ohdN4wFz7yp/ry9A==}
    cpu: [arm64]
    os: [linux]
    libc: [glibc]

  '@rollup/rollup-linux-arm64-musl@4.60.0':
    resolution: {integrity: sha512-09EL+yFVbJZlhcQfShpswwRZ0Rg+z/CsSELFCnPt3iK+iqwGsI4zht3secj5vLEs957QvFFXnzAT0FFPIxSrkQ==}
    cpu: [arm64]
    os: [linux]
    libc: [musl]

  '@rollup/rollup-linux-loong64-gnu@4.60.0':
    resolution: {integrity: sha512-i9IcCMPr3EXm8EQg5jnja0Zyc1iFxJjZWlb4wr7U2Wx/GrddOuEafxRdMPRYVaXjgbhvqalp6np07hN1w9kAKw==}
    cpu: [loong64]
    os: [linux]
    libc: [glibc]

  '@rollup/rollup-linux-loong64-musl@4.60.0':
    resolution: {integrity: sha512-DGzdJK9kyJ+B78MCkWeGnpXJ91tK/iKA6HwHxF4TAlPIY7GXEvMe8hBFRgdrR9Ly4qebR/7gfUs9y2IoaVEyog==}
    cpu: [loong64]
    os: [linux]
    libc: [musl]

  '@rollup/rollup-linux-ppc64-gnu@4.60.0':
    resolution: {integrity: sha512-RwpnLsqC8qbS8z1H1AxBA1H6qknR4YpPR9w2XX0vo2Sz10miu57PkNcnHVaZkbqyw/kUWfKMI73jhmfi9BRMUQ==}
    cpu: [ppc64]
    os: [linux]
    libc: [glibc]

  '@rollup/rollup-linux-ppc64-musl@4.60.0':
    resolution: {integrity: sha512-Z8pPf54Ly3aqtdWC3G4rFigZgNvd+qJlOE52fmko3KST9SoGfAdSRCwyoyG05q1HrrAblLbk1/PSIV+80/pxLg==}
    cpu: [ppc64]
    os: [linux]
    libc: [musl]

  '@rollup/rollup-linux-riscv64-gnu@4.60.0':
    resolution: {integrity: sha512-3a3qQustp3COCGvnP4SvrMHnPQ9d1vzCakQVRTliaz8cIp/wULGjiGpbcqrkv0WrHTEp8bQD/B3HBjzujVWLOA==}
    cpu: [riscv64]
    os: [linux]
    libc: [glibc]

  '@rollup/rollup-linux-riscv64-musl@4.60.0':
    resolution: {integrity: sha512-pjZDsVH/1VsghMJ2/kAaxt6dL0psT6ZexQVrijczOf+PeP2BUqTHYejk3l6TlPRydggINOeNRhvpLa0AYpCWSQ==}
    cpu: [riscv64]
    os: [linux]
    libc: [musl]

  '@rollup/rollup-linux-s390x-gnu@4.60.0':
    resolution: {integrity: sha512-3ObQs0BhvPgiUVZrN7gqCSvmFuMWvWvsjG5ayJ3Lraqv+2KhOsp+pUbigqbeWqueGIsnn+09HBw27rJ+gYK4VQ==}
    cpu: [s390x]
    os: [linux]
    libc: [glibc]

  '@rollup/rollup-linux-x64-gnu@4.60.0':
    resolution: {integrity: sha512-EtylprDtQPdS5rXvAayrNDYoJhIz1/vzN2fEubo3yLE7tfAw+948dO0g4M0vkTVFhKojnF+n6C8bDNe+gDRdTg==}
    cpu: [x64]
    os: [linux]
    libc: [glibc]

  '@rollup/rollup-linux-x64-musl@4.60.0':
    resolution: {integrity: sha512-k09oiRCi/bHU9UVFqD17r3eJR9bn03TyKraCrlz5ULFJGdJGi7VOmm9jl44vOJvRJ6P7WuBi/s2A97LxxHGIdw==}
    cpu: [x64]
    os: [linux]
    libc: [musl]

  '@rollup/rollup-openbsd-x64@4.60.0':
    resolution: {integrity: sha512-1o/0/pIhozoSaDJoDcec+IVLbnRtQmHwPV730+AOD29lHEEo4F5BEUB24H0OBdhbBBDwIOSuf7vgg0Ywxdfiiw==}
    cpu: [x64]
    os: [openbsd]

  '@rollup/rollup-openharmony-arm64@4.60.0':
    resolution: {integrity: sha512-pESDkos/PDzYwtyzB5p/UoNU/8fJo68vcXM9ZW2V0kjYayj1KaaUfi1NmTUTUpMn4UhU4gTuK8gIaFO4UGuMbA==}
    cpu: [arm64]
    os: [openharmony]

  '@rollup/rollup-win32-arm64-msvc@4.60.0':
    resolution: {integrity: sha512-hj1wFStD7B1YBeYmvY+lWXZ7ey73YGPcViMShYikqKT1GtstIKQAtfUI6yrzPjAy/O7pO0VLXGmUVWXQMaYgTQ==}
    cpu: [arm64]
    os: [win32]

  '@rollup/rollup-win32-ia32-msvc@4.60.0':
    resolution: {integrity: sha512-SyaIPFoxmUPlNDq5EHkTbiKzmSEmq/gOYFI/3HHJ8iS/v1mbugVa7dXUzcJGQfoytp9DJFLhHH4U3/eTy2Bq4w==}
    cpu: [ia32]
    os: [win32]

  '@rollup/rollup-win32-x64-gnu@4.60.0':
    resolution: {integrity: sha512-RdcryEfzZr+lAr5kRm2ucN9aVlCCa2QNq4hXelZxb8GG0NJSazq44Z3PCCc8wISRuCVnGs0lQJVX5Vp6fKA+IA==}
    cpu: [x64]
    os: [win32]

  '@rollup/rollup-win32-x64-msvc@4.60.0':
    resolution: {integrity: sha512-PrsWNQ8BuE00O3Xsx3ALh2Df8fAj9+cvvX9AIA6o4KpATR98c9mud4XtDWVvsEuyia5U4tVSTKygawyJkjm60w==}
    cpu: [x64]
    os: [win32]

  '@types/estree@1.0.8':
    resolution: {integrity: sha512-dWHzHa2WqEXI/O1E9OjrocMTKJl2mSrEolh1Iomrv6U+JuNwaHXsXx9bLu5gG7BUWFIN0skIQJQ/L1rIex4X6w==}

  fsevents@2.3.3:
    resolution: {integrity: sha512-5xoDfX+fL7faATnagmWPpbFtwh/R77WmMMqqHGS65C3vvB0YHrgF+B1YmZ3441tMj5n63k0212XNoJwzlhffQw==}
    engines: {node: ^8.16.0 || ^10.6.0 || >=11.0.0}
    os: [darwin]

  magic-string@0.30.21:
    resolution: {integrity: sha512-vd2F4YUyEXKGcLHoq+TEyCjxueSeHnFxyyjNp80yg0XV4vUhnDer/lvvlqM/arB5bXQN5K2/3oinyCRyx8T2CQ==}

  rollup-plugin-add-banner@2.0.1:
    resolution: {integrity: sha512-wV2yxH6h5sDXklLM+w4uHdCu/Scv+tg/5HGZJ8w5w1efwiGpSUUGWweuCiukG/ZVQasRn6np/uAtQ6oqzaqcPg==}
    engines: {node: '>=12'}
    peerDependencies:
      rollup: '>=2.0.0'

  rollup@4.60.0:
    resolution: {integrity: sha512-yqjxruMGBQJ2gG4HtjZtAfXArHomazDHoFwFFmZZl0r7Pdo7qCIXKqKHZc8yeoMgzJJ+pO6pEEHa+V7uzWlrAQ==}
    engines: {node: '>=18.0.0', npm: '>=8.0.0'}
    hasBin: true

snapshots:

  '@jridgewell/sourcemap-codec@1.5.5': {}

  '@rollup/rollup-android-arm-eabi@4.60.0':
    optional: true

  '@rollup/rollup-android-arm64@4.60.0':
    optional: true

  '@rollup/rollup-darwin-arm64@4.60.0':
    optional: true

  '@rollup/rollup-darwin-x64@4.60.0':
    optional: true

  '@rollup/rollup-freebsd-arm64@4.60.0':
    optional: true

  '@rollup/rollup-freebsd-x64@4.60.0':
    optional: true

  '@rollup/rollup-linux-arm-gnueabihf@4.60.0':
    optional: true

  '@rollup/rollup-linux-arm-musleabihf@4.60.0':
    optional: true

  '@rollup/rollup-linux-arm64-gnu@4.60.0':
    optional: true

  '@rollup/rollup-linux-arm64-musl@4.60.0':
    optional: true

  '@rollup/rollup-linux-loong64-gnu@4.60.0':
    optional: true

  '@rollup/rollup-linux-loong64-musl@4.60.0':
    optional: true

  '@rollup/rollup-linux-ppc64-gnu@4.60.0':
    optional: true

  '@rollup/rollup-linux-ppc64-musl@4.60.0':
    optional: true

  '@rollup/rollup-linux-riscv64-gnu@4.60.0':
    optional: true

  '@rollup/rollup-linux-riscv64-musl@4.60.0':
    optional: true

  '@rollup/rollup-linux-s390x-gnu@4.60.0':
    optional: true

  '@rollup/rollup-linux-x64-gnu@4.60.0':
    optional: true

  '@rollup/rollup-linux-x64-musl@4.60.0':
    optional: true

  '@rollup/rollup-openbsd-x64@4.60.0':
    optional: true

  '@rollup/rollup-openharmony-arm64@4.60.0':
    optional: true

  '@rollup/rollup-win32-arm64-msvc@4.60.0':
    optional: true

  '@rollup/rollup-win32-ia32-msvc@4.60.0':
    optional: true

  '@rollup/rollup-win32-x64-gnu@4.60.0':
    optional: true

  '@rollup/rollup-win32-x64-msvc@4.60.0':
    optional: true

  '@types/estree@1.0.8': {}

  fsevents@2.3.3:
    optional: true

  magic-string@0.30.21:
    dependencies:
      '@jridgewell/sourcemap-codec': 1.5.5

  rollup-plugin-add-banner@2.0.1(rollup@4.60.0):
    dependencies:
      magic-string: 0.30.21
      rollup: 4.60.0

  rollup@4.60.0:
    dependencies:
      '@types/estree': 1.0.8
    optionalDependencies:
      '@rollup/rollup-android-arm-eabi': 4.60.0
      '@rollup/rollup-android-arm64': 4.60.0
      '@rollup/rollup-darwin-arm64': 4.60.0
      '@rollup/rollup-darwin-x64': 4.60.0
      '@rollup/rollup-freebsd-arm64': 4.60.0
      '@rollup/rollup-freebsd-x64': 4.60.0
      '@rollup/rollup-linux-arm-gnueabihf': 4.60.0
      '@rollup/rollup-linux-arm-musleabihf': 4.60.0
      '@rollup/rollup-linux-arm64-gnu': 4.60.0
      '@rollup/rollup-linux-arm64-musl': 4.60.0
      '@rollup/rollup-linux-loong64-gnu': 4.60.0
      '@rollup/rollup-linux-loong64-musl': 4.60.0
      '@rollup/rollup-linux-ppc64-gnu': 4.60.0
      '@rollup/rollup-linux-ppc64-musl': 4.60.0
      '@rollup/rollup-linux-riscv64-gnu': 4.60.0
      '@rollup/rollup-linux-riscv64-musl': 4.60.0
      '@rollup/rollup-linux-s390x-gnu': 4.60.0
      '@rollup/rollup-linux-x64-gnu': 4.60.0
      '@rollup/rollup-linux-x64-musl': 4.60.0
      '@rollup/rollup-openbsd-x64': 4.60.0
      '@rollup/rollup-openharmony-arm64': 4.60.0
      '@rollup/rollup-win32-arm64-msvc': 4.60.0
      '@rollup/rollup-win32-ia32-msvc': 4.60.0
      '@rollup/rollup-win32-x64-gnu': 4.60.0
      '@rollup/rollup-win32-x64-msvc': 4.60.0
      fsevents: 2.3.3
